// !$*UTF8*$!
{
	archiveVersion = 1;
	classes = {
	};
	objectVersion = 48;
	objects = {

/* Begin PBXBuildFile section */
		040B3FB020156255000B7C16 /* User.swift in Sources */ = {isa = PBXBuildFile; fileRef = 040B3FAF20156255000B7C16 /* User.swift */; };
		040B3FB22016431E000B7C16 /* UserCell.swift in Sources */ = {isa = PBXBuildFile; fileRef = 040B3FB12016431E000B7C16 /* UserCell.swift */; };
		04364428200A6BE500CC5C64 /* AppDelegate.swift in Sources */ = {isa = PBXBuildFile; fileRef = 04364427200A6BE500CC5C64 /* AppDelegate.swift */; };
		0436442F200A6BE500CC5C64 /* Assets.xcassets in Resources */ = {isa = PBXBuildFile; fileRef = 0436442E200A6BE500CC5C64 /* Assets.xcassets */; };
		04364432200A6BE500CC5C64 /* LaunchScreen.storyboard in Resources */ = {isa = PBXBuildFile; fileRef = 04364430200A6BE500CC5C64 /* LaunchScreen.storyboard */; };
		04E4928D200B2B530026E8AF /* HomeDataSourceController.swift in Sources */ = {isa = PBXBuildFile; fileRef = 04E4928C200B2B530026E8AF /* HomeDataSourceController.swift */; };
		04E49292200CFC0C0026E8AF /* UserHeaderFoolterCells.swift in Sources */ = {isa = PBXBuildFile; fileRef = 04E49291200CFC0C0026E8AF /* UserHeaderFoolterCells.swift */; };
		04E49294200CFC7D0026E8AF /* HomeDataSource.swift in Sources */ = {isa = PBXBuildFile; fileRef = 04E49293200CFC7D0026E8AF /* HomeDataSource.swift */; };
		04ED8D18200A73AF005309DA /* HomeController.swift in Sources */ = {isa = PBXBuildFile; fileRef = 04ED8D17200A73AF005309DA /* HomeController.swift */; };
		DDD57E51BD6BCDB1C683B8C1 /* Pods_Twitter.framework in Frameworks */ = {isa = PBXBuildFile; fileRef = F43BE89F2D1C722A46008C6E /* Pods_Twitter.framework */; };
/* End PBXBuildFile section */

/* Begin PBXFileReference section */
		040B3FAF20156255000B7C16 /* User.swift */ = {isa = PBXFileReference; lastKnownFileType = sourcecode.swift; path = User.swift; sourceTree = "<group>"; };
		040B3FB12016431E000B7C16 /* UserCell.swift */ = {isa = PBXFileReference; lastKnownFileType = sourcecode.swift; path = UserCell.swift; sourceTree = "<group>"; };
		04364424200A6BE500CC5C64 /* Twitter.app */ = {isa = PBXFileReference; explicitFileType = wrapper.application; includeInIndex = 0; path = Twitter.app; sourceTree = BUILT_PRODUCTS_DIR; };
		04364427200A6BE500CC5C64 /* AppDelegate.swift */ = {isa = PBXFileReference; lastKnownFileType = sourcecode.swift; path = AppDelegate.swift; sourceTree = "<group>"; };
		0436442E200A6BE500CC5C64 /* Assets.xcassets */ = {isa = PBXFileReference; lastKnownFileType = folder.assetcatalog; path = Assets.xcassets; sourceTree = "<group>"; };
		04364431200A6BE500CC5C64 /* Base */ = {isa = PBXFileReference; lastKnownFileType = file.storyboard; name = Base; path = Base.lproj/LaunchScreen.storyboard; sourceTree = "<group>"; };
		04364433200A6BE500CC5C64 /* Info.plist */ = {isa = PBXFileReference; lastKnownFileType = text.plist.xml; path = Info.plist; sourceTree = "<group>"; };
		04E4928C200B2B530026E8AF /* HomeDataSourceController.swift */ = {isa = PBXFileReference; lastKnownFileType = sourcecode.swift; path = HomeDataSourceController.swift; sourceTree = "<group>"; };
		04E49291200CFC0C0026E8AF /* UserHeaderFoolterCells.swift */ = {isa = PBXFileReference; lastKnownFileType = sourcecode.swift; path = UserHeaderFoolterCells.swift; sourceTree = "<group>"; };
		04E49293200CFC7D0026E8AF /* HomeDataSource.swift */ = {isa = PBXFileReference; lastKnownFileType = sourcecode.swift; path = HomeDataSource.swift; sourceTree = "<group>"; };
		04ED8D17200A73AF005309DA /* HomeController.swift */ = {isa = PBXFileReference; lastKnownFileType = sourcecode.swift; path = HomeController.swift; sourceTree = "<group>"; };
		2A4069E9E988A59AB8A9C0F2 /* Pods-Twitter.release.xcconfig */ = {isa = PBXFileReference; includeInIndex = 1; lastKnownFileType = text.xcconfig; name = "Pods-Twitter.release.xcconfig"; path = "Pods/Target Support Files/Pods-Twitter/Pods-Twitter.release.xcconfig"; sourceTree = "<group>"; };
		B441B00173425D738B3BDFA7 /* Pods-Twitter.debug.xcconfig */ = {isa = PBXFileReference; includeInIndex = 1; lastKnownFileType = text.xcconfig; name = "Pods-Twitter.debug.xcconfig"; path = "Pods/Target Support Files/Pods-Twitter/Pods-Twitter.debug.xcconfig"; sourceTree = "<group>"; };
		F43BE89F2D1C722A46008C6E /* Pods_Twitter.framework */ = {isa = PBXFileReference; explicitFileType = wrapper.framework; includeInIndex = 0; path = Pods_Twitter.framework; sourceTree = BUILT_PRODUCTS_DIR; };
/* End PBXFileReference section */

/* Begin PBXFrameworksBuildPhase section */
		04364421200A6BE500CC5C64 /* Frameworks */ = {
			isa = PBXFrameworksBuildPhase;
			buildActionMask = 2147483647;
			files = (
				DDD57E51BD6BCDB1C683B8C1 /* Pods_Twitter.framework in Frameworks */,
			);
			runOnlyForDeploymentPostprocessing = 0;
		};
/* End PBXFrameworksBuildPhase section */

/* Begin PBXGroup section */
		0436441B200A6BE500CC5C64 = {
			isa = PBXGroup;
			children = (
				04364426200A6BE500CC5C64 /* Twitter */,
				04364425200A6BE500CC5C64 /* Products */,
				F75266D41CABC0B72C2E69FD /* Pods */,
				D4628174C536FE805184FF24 /* Frameworks */,
			);
			sourceTree = "<group>";
		};
		04364425200A6BE500CC5C64 /* Products */ = {
			isa = PBXGroup;
			children = (
				04364424200A6BE500CC5C64 /* Twitter.app */,
			);
			name = Products;
			sourceTree = "<group>";
		};
		04364426200A6BE500CC5C64 /* Twitter */ = {
			isa = PBXGroup;
			children = (
				04E49290200CFA7E0026E8AF /* Views */,
				04E4928F200CFA660026E8AF /* Models */,
				04E4928E200CFA2B0026E8AF /* Controllers */,
				04364427200A6BE500CC5C64 /* AppDelegate.swift */,
				04ED8D17200A73AF005309DA /* HomeController.swift */,
				0436442E200A6BE500CC5C64 /* Assets.xcassets */,
				04364430200A6BE500CC5C64 /* LaunchScreen.storyboard */,
				04364433200A6BE500CC5C64 /* Info.plist */,
			);
			path = Twitter;
			sourceTree = "<group>";
		};
		04E4928E200CFA2B0026E8AF /* Controllers */ = {
			isa = PBXGroup;
			children = (
				04E4928C200B2B530026E8AF /* HomeDataSourceController.swift */,
			);
			path = Controllers;
			sourceTree = "<group>";
		};
		04E4928F200CFA660026E8AF /* Models */ = {
			isa = PBXGroup;
			children = (
				04E49293200CFC7D0026E8AF /* HomeDataSource.swift */,
				040B3FAF20156255000B7C16 /* User.swift */,
			);
			path = Models;
			sourceTree = "<group>";
		};
		04E49290200CFA7E0026E8AF /* Views */ = {
			isa = PBXGroup;
			children = (
				04E49291200CFC0C0026E8AF /* UserHeaderFoolterCells.swift */,
				040B3FB12016431E000B7C16 /* UserCell.swift */,
			);
			path = Views;
			sourceTree = "<group>";
		};
		D4628174C536FE805184FF24 /* Frameworks */ = {
			isa = PBXGroup;
			children = (
				F43BE89F2D1C722A46008C6E /* Pods_Twitter.framework */,
			);
			name = Frameworks;
			sourceTree = "<group>";
		};
		F75266D41CABC0B72C2E69FD /* Pods */ = {
			isa = PBXGroup;
			children = (
				B441B00173425D738B3BDFA7 /* Pods-Twitter.debug.xcconfig */,
				2A4069E9E988A59AB8A9C0F2 /* Pods-Twitter.release.xcconfig */,
			);
			name = Pods;
			sourceTree = "<group>";
		};
/* End PBXGroup section */

/* Begin PBXNativeTarget section */
		04364423200A6BE500CC5C64 /* Twitter */ = {
			isa = PBXNativeTarget;
			buildConfigurationList = 04364436200A6BE500CC5C64 /* Build configuration list for PBXNativeTarget "Twitter" */;
			buildPhases = (
				9160729DA83B878D05BEA706 /* [CP] Check Pods Manifest.lock */,
				04364420200A6BE500CC5C64 /* Sources */,
				04364421200A6BE500CC5C64 /* Frameworks */,
				04364422200A6BE500CC5C64 /* Resources */,
				567DCC1B5CDB871D2552A3A9 /* [CP] Embed Pods Frameworks */,
				E6D8DCAEF1E65321BDA17838 /* [CP] Copy Pods Resources */,
			);
			buildRules = (
			);
			dependencies = (
			);
			name = Twitter;
			productName = Twitter;
			productReference = 04364424200A6BE500CC5C64 /* Twitter.app */;
			productType = "com.apple.product-type.application";
		};
/* End PBXNativeTarget section */

/* Begin PBXProject section */
		0436441C200A6BE500CC5C64 /* Project object */ = {
			isa = PBXProject;
			attributes = {
				LastSwiftUpdateCheck = 0920;
				LastUpgradeCheck = 0920;
				TargetAttributes = {
					04364423200A6BE500CC5C64 = {
						CreatedOnToolsVersion = 9.2;
						ProvisioningStyle = Automatic;
					};
				};
			};
			buildConfigurationList = 0436441F200A6BE500CC5C64 /* Build configuration list for PBXProject "Twitter" */;
			compatibilityVersion = "Xcode 8.0";
			developmentRegion = en;
			hasScannedForEncodings = 0;
			knownRegions = (
				en,
				Base,
			);
			mainGroup = 0436441B200A6BE500CC5C64;
			productRefGroup = 04364425200A6BE500CC5C64 /* Products */;
			projectDirPath = "";
			projectRoot = "";
			targets = (
				04364423200A6BE500CC5C64 /* Twitter */,
			);
		};
/* End PBXProject section */

/* Begin PBXResourcesBuildPhase section */
		04364422200A6BE500CC5C64 /* Resources */ = {
			isa = PBXResourcesBuildPhase;
			buildActionMask = 2147483647;
			files = (
				04364432200A6BE500CC5C64 /* LaunchScreen.storyboard in Resources */,
				0436442F200A6BE500CC5C64 /* Assets.xcassets in Resources */,
			);
			runOnlyForDeploymentPostprocessing = 0;
		};
/* End PBXResourcesBuildPhase section */

/* Begin PBXShellScriptBuildPhase section */
		567DCC1B5CDB871D2552A3A9 /* [CP] Embed Pods Frameworks */ = {
			isa = PBXShellScriptBuildPhase;
			buildActionMask = 2147483647;
			files = (
			);
			inputPaths = (
				"${SRCROOT}/Pods/Target Support Files/Pods-Twitter/Pods-Twitter-frameworks.sh",
				"${BUILT_PRODUCTS_DIR}/LBTAComponents/LBTAComponents.framework",
			);
			name = "[CP] Embed Pods Frameworks";
			outputPaths = (
				"${TARGET_BUILD_DIR}/${FRAMEWORKS_FOLDER_PATH}/LBTAComponents.framework",
			);
			runOnlyForDeploymentPostprocessing = 0;
			shellPath = /bin/sh;
			shellScript = "\"${SRCROOT}/Pods/Target Support Files/Pods-Twitter/Pods-Twitter-frameworks.sh\"\n";
			showEnvVarsInLog = 0;
		};
		9160729DA83B878D05BEA706 /* [CP] Check Pods Manifest.lock */ = {
			isa = PBXShellScriptBuildPhase;
			buildActionMask = 2147483647;
			files = (
			);
			inputPaths = (
				"${PODS_PODFILE_DIR_PATH}/Podfile.lock",
				"${PODS_ROOT}/Manifest.lock",
			);
			name = "[CP] Check Pods Manifest.lock";
			outputPaths = (
				"$(DERIVED_FILE_DIR)/Pods-Twitter-checkManifestLockResult.txt",
			);
			runOnlyForDeploymentPostprocessing = 0;
			shellPath = /bin/sh;
			shellScript = "diff \"${PODS_PODFILE_DIR_PATH}/Podfile.lock\" \"${PODS_ROOT}/Manifest.lock\" > /dev/null\nif [ $? != 0 ] ; then\n    # print error to STDERR\n    echo \"error: The sandbox is not in sync with the Podfile.lock. Run 'pod install' or update your CocoaPods installation.\" >&2\n    exit 1\nfi\n# This output is used by Xcode 'outputs' to avoid re-running this script phase.\necho \"SUCCESS\" > \"${SCRIPT_OUTPUT_FILE_0}\"\n";
			showEnvVarsInLog = 0;
		};
		E6D8DCAEF1E65321BDA17838 /* [CP] Copy Pods Resources */ = {
			isa = PBXShellScriptBuildPhase;
			buildActionMask = 2147483647;
			files = (
			);
			inputPaths = (
			);
			name = "[CP] Copy Pods Resources";
			outputPaths = (
			);
			runOnlyForDeploymentPostprocessing = 0;
			shellPath = /bin/sh;
			shellScript = "\"${SRCROOT}/Pods/Target Support Files/Pods-Twitter/Pods-Twitter-resources.sh\"\n";
			showEnvVarsInLog = 0;
		};
/* End PBXShellScriptBuildPhase section */

/* Begin PBXSourcesBuildPhase section */
		04364420200A6BE500CC5C64 /* Sources */ = {
			isa = PBXSourcesBuildPhase;
			buildActionMask = 2147483647;
			files = (
				04E49294200CFC7D0026E8AF /* HomeDataSource.swift in Sources */,
				04364428200A6BE500CC5C64 /* AppDelegate.swift in Sources */,
				040B3FB020156255000B7C16 /* User.swift in Sources */,
				04E49292200CFC0C0026E8AF /* UserHeaderFoolterCells.swift in Sources */,
				04ED8D18200A73AF005309DA /* HomeController.swift in Sources */,
				04E4928D200B2B530026E8AF /* HomeDataSourceController.swift in Sources */,
				040B3FB22016431E000B7C16 /* UserCell.swift in Sources */,
			);
			runOnlyForDeploymentPostprocessing = 0;
		};
/* End PBXSourcesBuildPhase section */

/* Begin PBXVariantGroup section */
		04364430200A6BE500CC5C64 /* LaunchScreen.storyboard */ = {
			isa = PBXVariantGroup;
			children = (
				04364431200A6BE500CC5C64 /* Base */,
			);
			name = LaunchScreen.storyboard;
			sourceTree = "<group>";
		};
/* End PBXVariantGroup section */

/* Begin XCBuildConfiguration section */
		04364434200A6BE500CC5C64 /* Debug */ = {
			isa = XCBuildConfiguration;
			buildSettings = {
				ALWAYS_SEARCH_USER_PATHS = NO;
				CLANG_ANALYZER_NONNULL = YES;
				CLANG_ANALYZER_NUMBER_OBJECT_CONVERSION = YES_AGGRESSIVE;
				CLANG_CXX_LANGUAGE_STANDARD = "gnu++14";
				CLANG_CXX_LIBRARY = "libc++";
				CLANG_ENABLE_MODULES = YES;
				CLANG_ENABLE_OBJC_ARC = YES;
				CLANG_WARN_BLOCK_CAPTURE_AUTORELEASING = YES;
				CLANG_WARN_BOOL_CONVERSION = YES;
				CLANG_WARN_COMMA = YES;
				CLANG_WARN_CONSTANT_CONVERSION = YES;
				CLANG_WARN_DIRECT_OBJC_ISA_USAGE = YES_ERROR;
				CLANG_WARN_DOCUMENTATION_COMMENTS = YES;
				CLANG_WARN_EMPTY_BODY = YES;
				CLANG_WARN_ENUM_CONVERSION = YES;
				CLANG_WARN_INFINITE_RECURSION = YES;
				CLANG_WARN_INT_CONVERSION = YES;
				CLANG_WARN_NON_LITERAL_NULL_CONVERSION = YES;
				CLANG_WARN_OBJC_LITERAL_CONVERSION = YES;
				CLANG_WARN_OBJC_ROOT_CLASS = YES_ERROR;
				CLANG_WARN_RANGE_LOOP_ANALYSIS = YES;
				CLANG_WARN_STRICT_PROTOTYPES = YES;
				CLANG_WARN_SUSPICIOUS_MOVE = YES;
				CLANG_WARN_UNGUARDED_AVAILABILITY = YES_AGGRESSIVE;
				CLANG_WARN_UNREACHABLE_CODE = YES;
				CLANG_WARN__DUPLICATE_METHOD_MATCH = YES;
				CODE_SIGN_IDENTITY = "iPhone Developer";
				COPY_PHASE_STRIP = NO;
				DEBUG_INFORMATION_FORMAT = dwarf;
				ENABLE_STRICT_OBJC_MSGSEND = YES;
				ENABLE_TESTABILITY = YES;
				GCC_C_LANGUAGE_STANDARD = gnu11;
				GCC_DYNAMIC_NO_PIC = NO;
				GCC_NO_COMMON_BLOCKS = YES;
				GCC_OPTIMIZATION_LEVEL = 0;
				GCC_PREPROCESSOR_DEFINITIONS = (
					"DEBUG=1",
					"$(inherited)",
				);
				GCC_WARN_64_TO_32_BIT_CONVERSION = YES;
				GCC_WARN_ABOUT_RETURN_TYPE = YES_ERROR;
				GCC_WARN_UNDECLARED_SELECTOR = YES;
				GCC_WARN_UNINITIALIZED_AUTOS = YES_AGGRESSIVE;
				GCC_WARN_UNUSED_FUNCTION = YES;
				GCC_WARN_UNUSED_VARIABLE = YES;
				IPHONEOS_DEPLOYMENT_TARGET = 11.2;
				MTL_ENABLE_DEBUG_INFO = YES;
				ONLY_ACTIVE_ARCH = YES;
				SDKROOT = iphoneos;
				SWIFT_ACTIVE_COMPILATION_CONDITIONS = DEBUG;
				SWIFT_OPTIMIZATION_LEVEL = "-Onone";
			};
			name = Debug;
		};
		04364435200A6BE500CC5C64 /* Release */ = {
			isa = XCBuildConfiguration;
			buildSettings = {
				ALWAYS_SEARCH_USER_PATHS = NO;
				CLANG_ANALYZER_NONNULL = YES;
				CLANG_ANALYZER_NUMBER_OBJECT_CONVERSION = YES_AGGRESSIVE;
				CLANG_CXX_LANGUAGE_STANDARD = "gnu++14";
				CLANG_CXX_LIBRARY = "libc++";
				CLANG_ENABLE_MODULES = YES;
				CLANG_ENABLE_OBJC_ARC = YES;
				CLANG_WARN_BLOCK_CAPTURE_AUTORELEASING = YES;
				CLANG_WARN_BOOL_CONVERSION = YES;
				CLANG_WARN_COMMA = YES;
				CLANG_WARN_CONSTANT_CONVERSION = YES;
				CLANG_WARN_DIRECT_OBJC_ISA_USAGE = YES_ERROR;
				CLANG_WARN_DOCUMENTATION_COMMENTS = YES;
				CLANG_WARN_EMPTY_BODY = YES;
				CLANG_WARN_ENUM_CONVERSION = YES;
				CLANG_WARN_INFINITE_RECURSION = YES;
				CLANG_WARN_INT_CONVERSION = YES;
				CLANG_WARN_NON_LITERAL_NULL_CONVERSION = YES;
				CLANG_WARN_OBJC_LITERAL_CONVERSION = YES;
				CLANG_WARN_OBJC_ROOT_CLASS = YES_ERROR;
				CLANG_WARN_RANGE_LOOP_ANALYSIS = YES;
				CLANG_WARN_STRICT_PROTOTYPES = YES;
				CLANG_WARN_SUSPICIOUS_MOVE = YES;
				CLANG_WARN_UNGUARDED_AVAILABILITY = YES_AGGRESSIVE;
				CLANG_WARN_UNREACHABLE_CODE = YES;
				CLANG_WARN__DUPLICATE_METHOD_MATCH = YES;
				CODE_SIGN_IDENTITY = "iPhone Developer";
				COPY_PHASE_STRIP = NO;
				DEBUG_INFORMATION_FORMAT = "dwarf-with-dsym";
				ENABLE_NS_ASSERTIONS = NO;
				ENABLE_STRICT_OBJC_MSGSEND = YES;
				GCC_C_LANGUAGE_STANDARD = gnu11;
				GCC_NO_COMMON_BLOCKS = YES;
				GCC_WARN_64_TO_32_BIT_CONVERSION = YES;
				GCC_WARN_ABOUT_RETURN_TYPE = YES_ERROR;
				GCC_WARN_UNDECLARED_SELECTOR = YES;
				GCC_WARN_UNINITIALIZED_AUTOS = YES_AGGRESSIVE;
				GCC_WARN_UNUSED_FUNCTION = YES;
				GCC_WARN_UNUSED_VARIABLE = YES;
				IPHONEOS_DEPLOYMENT_TARGET = 11.2;
				MTL_ENABLE_DEBUG_INFO = NO;
				SDKROOT = iphoneos;
				SWIFT_OPTIMIZATION_LEVEL = "-Owholemodule";
				VALIDATE_PRODUCT = YES;
			};
			name = Release;
		};
		04364437200A6BE500CC5C64 /* Debug */ = {
			isa = XCBuildConfiguration;
			baseConfigurationReference = B441B00173425D738B3BDFA7 /* Pods-Twitter.debug.xcconfig */;
			buildSettings = {
				ASSETCATALOG_COMPILER_APPICON_NAME = AppIcon;
				CODE_SIGN_STYLE = Automatic;
				DEVELOPMENT_TEAM = 68855R4HVL;
				INFOPLIST_FILE = Twitter/Info.plist;
				LD_RUNPATH_SEARCH_PATHS = "$(inherited) @executable_path/Frameworks";
				PRODUCT_BUNDLE_IDENTIFIER = asianTech.Twitter;
				PRODUCT_NAME = "$(TARGET_NAME)";
				SWIFT_VERSION = 4.0;
				TARGETED_DEVICE_FAMILY = "1,2";
			};
			name = Debug;
		};
		04364438200A6BE500CC5C64 /* Release */ = {
			isa = XCBuildConfiguration;
			baseConfigurationReference = 2A4069E9E988A59AB8A9C0F2 /* Pods-Twitter.release.xcconfig */;
			buildSettings = {
				ASSETCATALOG_COMPILER_APPICON_NAME = AppIcon;
				CODE_SIGN_STYLE = Automatic;
				DEVELOPMENT_TEAM = 68855R4HVL;
				INFOPLIST_FILE = Twitter/Info.plist;
				LD_RUNPATH_SEARCH_PATHS = "$(inherited) @executable_path/Frameworks";
				PRODUCT_BUNDLE_IDENTIFIER = asianTech.Twitter;
				PRODUCT_NAME = "$(TARGET_NAME)";
				SWIFT_VERSION = 4.0;
				TARGETED_DEVICE_FAMILY = "1,2";
			};
			name = Release;
		};
/* End XCBuildConfiguration section */

/* Begin XCConfigurationList section */
		0436441F200A6BE500CC5C64 /* Build configuration list for PBXProject "Twitter" */ = {
			isa = XCConfigurationList;
			buildConfigurations = (
				04364434200A6BE500CC5C64 /* Debug */,
				04364435200A6BE500CC5C64 /* Release */,
			);
			defaultConfigurationIsVisible = 0;
			defaultConfigurationName = Release;
		};
		04364436200A6BE500CC5C64 /* Build configuration list for PBXNativeTarget "Twitter" */ = {
			isa = XCConfigurationList;
			buildConfigurations = (
				04364437200A6BE500CC5C64 /* Debug */,
				04364438200A6BE500CC5C64 /* Release */,
			);
			defaultConfigurationIsVisible = 0;
			defaultConfigurationName = Release;
		};
/* End XCConfigurationList section */
	};
	rootObject = 0436441C200A6BE500CC5C64 /* Project object */;
}
